# THIS IS AN AUTOGENERATED FILE. DO NOT EDIT THIS FILE DIRECTLY.
# yarn lockfile v1
# bun ./bun.lockb --hash: D7A7E2CD5ADB2B2D-0c681b75bc316e45-DD8D1E5F9F707926-bd253f21a9f30cd6


"@esbuild/linux-x64@0.25.5":
  version "https://registry.npmjs.org/@esbuild/linux-x64/-/linux-x64-0.25.5.tgz"
  resolved "https://registry.npmjs.org/@esbuild/linux-x64/-/linux-x64-0.25.5.tgz"
  integrity sha512-uhj8N2obKTE6pSZ+aMUbqq+1nXxNjZIIjCjGLfsWvVpy7gKCOL6rsY1MhRh9zLtUtAI7vpgLMK6DxjO8Qm9lJw==

"@types/prop-types@*":
  version "https://registry.npmjs.org/@types/prop-types/-/prop-types-15.7.14.tgz"
  resolved "https://registry.npmjs.org/@types/prop-types/-/prop-types-15.7.14.tgz"
  integrity sha512-gNMvNH49DJ7OJYv+KAKn0Xp45p8PLl6zo2YnvDIbTd4J6MER2BmWN49TG7n9LvkyihINxeKW8+3bfS2yDC9dzQ==

"@types/react@18":
  version "https://registry.npmjs.org/@types/react/-/react-18.3.23.tgz"
  resolved "https://registry.npmjs.org/@types/react/-/react-18.3.23.tgz"
  integrity sha512-/LDXMQh55EzZQ0uVAZmKKhfENivEvWz6E+EYzh+/MCjMhNsotd+ZHhBGIjFDTi6+fz0OhQQQLbTgdQIxxCsC0w==
  dependencies:
    "@types/prop-types" "*"
    csstype "^3.0.2"

"@types/react-reconciler@^0.28.9":
  version "https://registry.npmjs.org/@types/react-reconciler/-/react-reconciler-0.28.9.tgz"
  resolved "https://registry.npmjs.org/@types/react-reconciler/-/react-reconciler-0.28.9.tgz"
  integrity sha512-HHM3nxyUZ3zAylX8ZEyrDNd2XZOnQ0D5XfunJF5FLQnZbHHYq4UWvW1QfelQNXv1ICNkwYhfxjwfnqivYB6bFg==

breeze-shell-types@^0.0.14:
  version "https://registry.npmjs.org/breeze-shell-types/-/breeze-shell-types-0.0.14.tgz"
  resolved "https://registry.npmjs.org/breeze-shell-types/-/breeze-shell-types-0.0.14.tgz"
  integrity sha512-pggWZUNT2l+HRnIfhWHgkFJGAOZVq+olAfJE1b6WYeFSEJSzP5XANubSSeKojb7CgRXq2OsgQcMXJeYRAW0U9Q==

csstype@^3.0.2:
  version "https://registry.npmjs.org/csstype/-/csstype-3.1.3.tgz"
  resolved "https://registry.npmjs.org/csstype/-/csstype-3.1.3.tgz"
  integrity sha512-M1uQkMl8rQK/szD0LNhtqxIPLpimGm8sOBwU7lLnCpSbTyY3yeU1Vc7l4KT5zT4s/yOxHH5O7tIuuLOCnLADRw==

esbuild@^0.25.5:
  version "https://registry.npmjs.org/esbuild/-/esbuild-0.25.5.tgz"
  resolved "https://registry.npmjs.org/esbuild/-/esbuild-0.25.5.tgz"
  integrity sha512-P8OtKZRv/5J5hhz0cUAdu/cLuPIKXpQl1R9pZtvmHWQvrAUVd0UNIPT4IB4W3rNOqVO0rlqHmCIbSwxh/c9yUQ==
  optionalDependencies:
    "@esbuild/openbsd-x64" "0.25.5"
    "@esbuild/win32-x64" "0.25.5"
    "@esbuild/linux-s390x" "0.25.5"
    "@esbuild/android-x64" "0.25.5"
    "@esbuild/netbsd-arm64" "0.25.5"
    "@esbuild/sunos-x64" "0.25.5"
    "@esbuild/linux-mips64el" "0.25.5"
    "@esbuild/freebsd-x64" "0.25.5"
    "@esbuild/linux-loong64" "0.25.5"
    "@esbuild/linux-ppc64" "0.25.5"
    "@esbuild/openbsd-arm64" "0.25.5"
    "@esbuild/linux-arm64" "0.25.5"
    "@esbuild/linux-ia32" "0.25.5"
    "@esbuild/darwin-arm64" "0.25.5"
    "@esbuild/aix-ppc64" "0.25.5"
    "@esbuild/linux-riscv64" "0.25.5"
    "@esbuild/darwin-x64" "0.25.5"
    "@esbuild/android-arm" "0.25.5"
    "@esbuild/linux-x64" "0.25.5"
    "@esbuild/win32-arm64" "0.25.5"
    "@esbuild/linux-arm" "0.25.5"
    "@esbuild/win32-ia32" "0.25.5"
    "@esbuild/freebsd-arm64" "0.25.5"
    "@esbuild/android-arm64" "0.25.5"
    "@esbuild/netbsd-x64" "0.25.5"

"js-tokens@^3.0.0 || ^4.0.0":
  version "https://registry.npmjs.org/js-tokens/-/js-tokens-4.0.0.tgz"
  resolved "https://registry.npmjs.org/js-tokens/-/js-tokens-4.0.0.tgz"
  integrity sha512-RdJUflcE3cUzKiMqQgsCu06FPu9UdIJO0beYbPhHN4k6apgJtifcoCtT9bcxOpYBtpD2kCM6Sbzg4CausW/PKQ==

loose-envify@^1.1.0:
  version "https://registry.npmjs.org/loose-envify/-/loose-envify-1.4.0.tgz"
  resolved "https://registry.npmjs.org/loose-envify/-/loose-envify-1.4.0.tgz"
  integrity sha512-lyuxPGr/Wfhrlem2CL/UcnUc1zcqKAImBDzukY7Y5F/yQiNdko6+fRLevlw1HgMySw7f611UIY408EtxRSoK3Q==
  dependencies:
    js-tokens "^3.0.0 || ^4.0.0"

react@18:
  version "https://registry.npmjs.org/react/-/react-18.3.1.tgz"
  resolved "https://registry.npmjs.org/react/-/react-18.3.1.tgz"
  integrity sha512-wS+hAgJShR0KhEvPJArfuPVN1+Hz1t0Y6n5jLrGQbkb4urgPE/0Rve+1kMB1v/oWgHgm4WIcV+i7F2pTVj+2iQ==
  dependencies:
    loose-envify "^1.1.0"

react-reconciler@0.29.2:
  version "https://registry.npmjs.org/react-reconciler/-/react-reconciler-0.29.2.tgz"
  resolved "https://registry.npmjs.org/react-reconciler/-/react-reconciler-0.29.2.tgz"
  integrity sha512-zZQqIiYgDCTP/f1N/mAR10nJGrPD2ZR+jDSEsKWJHYC7Cm2wodlwbR3upZRdC3cjIjSlTLNVyO7Iu0Yy7t2AYg==
  dependencies:
    loose-envify "^1.1.0"
    scheduler "^0.23.2"

scheduler@^0.23.2:
  version "https://registry.npmjs.org/scheduler/-/scheduler-0.23.2.tgz"
  resolved "https://registry.npmjs.org/scheduler/-/scheduler-0.23.2.tgz"
  integrity sha512-UOShsPwz7NrMUqhR6t0hWjFduvOzbtv7toDH1/hIrfRNIDBnnBWd0CwJTGvTpngVlmwGCdP9/Zl/tVrDqcuYzQ==
  dependencies:
    loose-envify "^1.1.0"
